{
    "_meta": {
        "hash": {
            "sha256": "dd835507a072e3c0136ee86e5af8e2c6d37ba5aa9a37cae7b99dd6c4a29d46f4"
        },
        "pipfile-spec": 6,
        "requires": {
            "python_full_version": "3.13.0",
            "python_version": "3.13"
        },
        "sources": [
            {
                "name": "pypi",
                "url": "https://pypi.org/simple",
                "verify_ssl": true
            }
        ]
    },
    "default": {
        "asgiref": {
            "hashes": [
                "sha256:a5ab6582236218e5ef1648f242fd9f10626cfd4de8dc377db215d5d5098e3142",
                "sha256:f3bba7092a48005b5f5bacd747d36ee4a5a61f4a269a6df590b43144355ebd2c"
            ],
            "markers": "python_version >= '3.9'",
            "version": "==3.9.1"
        },
        "autopep8": {
            "hashes": [
                "sha256:89440a4f969197b69a995e4ce0661b031f455a9f776d2c5ba3dbd83466931758",
                "sha256:ce8ad498672c845a0c3de2629c15b635ec2b05ef8177a6e7c91c74f3e9b51128"
            ],
            "index": "pypi",
            "markers": "python_version >= '3.9'",
            "version": "==2.3.2"
        },
        "django": {
            "hashes": [
                "sha256:0745b25681b129a77aae3d4f6549b62d3913d74407831abaa0d9021a03954bae",
                "sha256:2b2ada0ee8a5ff743a40e2b9820d1f8e24c11bac9ae6469cd548f0057ea6ddcd"
            ],
            "index": "pypi",
            "markers": "python_version >= '3.10'",
            "version": "==5.2.5"
        },
        "django-debug-toolbar": {
            "hashes": [
                "sha256:0cf2cac5c307b77d6e143c914e5c6592df53ffe34642d93929e5ef095ae56841",
                "sha256:6eb9fa6f4a5884bf04004700ffb5a44043f1fff38784447fc52c1633448c8c14"
            ],
            "index": "pypi",
            "markers": "python_version >= '3.9'",
            "version": "==6.0.0"
        },
        "django-js-asset": {
            "hashes": [
                "sha256:1fc7584199ed1941ed7c8e7b87ca5524bb0f2ba941561d2a104e88ee9f07bedd",
                "sha256:b5ffe376aebbd73b7af886d675ac9f43ca63b39540190fa8409c9f8e79145f68"
            ],
            "markers": "python_version >= '3.10'",
            "version": "==3.1.2"
        },
        "django-mptt": {
            "hashes": [
                "sha256:e2dca00536450b91bdc80d8fc1454993b84307728394ae42c72947fc09574d3d",
                "sha256:e77dd4b4d0de14f50239b0900def44c1d31403664ab3682b80b27fa1319fe7f0"
            ],
            "index": "pypi",
            "markers": "python_version >= '3.9'",
            "version": "==0.17.0"
        },
        "django-mptt-admin": {
            "hashes": [
                "sha256:3843488f21a8c629ef0862a00e76851bc80d4bfa43f3a08d0cb8f3cf4fb69aa9",
                "sha256:9e63d4616ed53c02004ed334073a22d0608c70c90702e5b0e83a564c385f431d"
            ],
            "index": "pypi",
            "version": "==2.8.0"
        },
        "isort": {
            "hashes": [
                "sha256:1cb5df28dfbc742e490c5e41bad6da41b805b0a8be7bc93cd0fb2a8a890ac450",
                "sha256:2dc5d7f65c9678d94c88dfc29161a320eec67328bc97aad576874cb4be1e9615"
            ],
            "index": "pypi",
            "markers": "python_full_version >= '3.9.0'",
            "version": "==6.0.1"
        },
        "pillow": {
            "hashes": [
                "sha256:023f6d2d11784a465f09fd09a34b150ea4672e85fb3d05931d89f373ab14abb2",
                "sha256:02a723e6bf909e7cea0dac1b0e0310be9d7650cd66222a5f1c571455c0a45214",
                "sha256:040a5b691b0713e1f6cbe222e0f4f74cd233421e105850ae3b3c0ceda520f42e",
                "sha256:05f6ecbeff5005399bb48d198f098a9b4b6bdf27b8487c7f38ca16eeb070cd59",
                "sha256:068d9c39a2d1b358eb9f245ce7ab1b5c3246c7c8c7d9ba58cfa5b43146c06e50",
                "sha256:0743841cabd3dba6a83f38a92672cccbd69af56e3e91777b0ee7f4dba4385632",
                "sha256:092c80c76635f5ecb10f3f83d76716165c96f5229addbd1ec2bdbbda7d496e06",
                "sha256:0b275ff9b04df7b640c59ec5a3cb113eefd3795a8df80bac69646ef699c6981a",
                "sha256:0bce5c4fd0921f99d2e858dc4d4d64193407e1b99478bc5cacecba2311abde51",
                "sha256:1019b04af07fc0163e2810167918cb5add8d74674b6267616021ab558dc98ced",
                "sha256:106064daa23a745510dabce1d84f29137a37224831d88eb4ce94bb187b1d7e5f",
                "sha256:118ca10c0d60b06d006be10a501fd6bbdfef559251ed31b794668ed569c87e12",
                "sha256:13f87d581e71d9189ab21fe0efb5a23e9f28552d5be6979e84001d3b8505abe8",
                "sha256:155658efb5e044669c08896c0c44231c5e9abcaadbc5cd3648df2f7c0b96b9a6",
                "sha256:1904e1264881f682f02b7f8167935cce37bc97db457f8e7849dc3a6a52b99580",
                "sha256:19d2ff547c75b8e3ff46f4d9ef969a06c30ab2d4263a9e287733aa8b2429ce8f",
                "sha256:1a992e86b0dd7aeb1f053cd506508c0999d710a8f07b4c791c63843fc6a807ac",
                "sha256:1b9c17fd4ace828b3003dfd1e30bff24863e0eb59b535e8f80194d9cc7ecf860",
                "sha256:1c627742b539bba4309df89171356fcb3cc5a9178355b2727d1b74a6cf155fbd",
                "sha256:1cd110edf822773368b396281a2293aeb91c90a2db00d78ea43e7e861631b722",
                "sha256:1f85acb69adf2aaee8b7da124efebbdb959a104db34d3a2cb0f3793dbae422a8",
                "sha256:23cff760a9049c502721bdb743a7cb3e03365fafcdfc2ef9784610714166e5a4",
                "sha256:2465a69cf967b8b49ee1b96d76718cd98c4e925414ead59fdf75cf0fd07df673",
                "sha256:2a3117c06b8fb646639dce83694f2f9eac405472713fcb1ae887469c0d4f6788",
                "sha256:2aceea54f957dd4448264f9bf40875da0415c83eb85f55069d89c0ed436e3542",
                "sha256:2d6fcc902a24ac74495df63faad1884282239265c6839a0a6416d33faedfae7e",
                "sha256:30807c931ff7c095620fe04448e2c2fc673fcbb1ffe2a7da3fb39613489b1ddd",
                "sha256:30b7c02f3899d10f13d7a48163c8969e4e653f8b43416d23d13d1bbfdc93b9f8",
                "sha256:3828ee7586cd0b2091b6209e5ad53e20d0649bbe87164a459d0676e035e8f523",
                "sha256:3cee80663f29e3843b68199b9d6f4f54bd1d4a6b59bdd91bceefc51238bcb967",
                "sha256:3e184b2f26ff146363dd07bde8b711833d7b0202e27d13540bfe2e35a323a809",
                "sha256:41342b64afeba938edb034d122b2dda5db2139b9a4af999729ba8818e0056477",
                "sha256:41742638139424703b4d01665b807c6468e23e699e8e90cffefe291c5832b027",
                "sha256:4445fa62e15936a028672fd48c4c11a66d641d2c05726c7ec1f8ba6a572036ae",
                "sha256:45dfc51ac5975b938e9809451c51734124e73b04d0f0ac621649821a63852e7b",
                "sha256:465b9e8844e3c3519a983d58b80be3f668e2a7a5db97f2784e7079fbc9f9822c",
                "sha256:48d254f8a4c776de343051023eb61ffe818299eeac478da55227d96e241de53f",
                "sha256:4c834a3921375c48ee6b9624061076bc0a32a60b5532b322cc0ea64e639dd50e",
                "sha256:4c96f993ab8c98460cd0c001447bff6194403e8b1d7e149ade5f00594918128b",
                "sha256:504b6f59505f08ae014f724b6207ff6222662aab5cc9542577fb084ed0676ac7",
                "sha256:527b37216b6ac3a12d7838dc3bd75208ec57c1c6d11ef01902266a5a0c14fc27",
                "sha256:5418b53c0d59b3824d05e029669efa023bbef0f3e92e75ec8428f3799487f361",
                "sha256:59a03cdf019efbfeeed910bf79c7c93255c3d54bc45898ac2a4140071b02b4ae",
                "sha256:5e05688ccef30ea69b9317a9ead994b93975104a677a36a8ed8106be9260aa6d",
                "sha256:6359a3bc43f57d5b375d1ad54a0074318a0844d11b76abccf478c37c986d3cfc",
                "sha256:643f189248837533073c405ec2f0bb250ba54598cf80e8c1e043381a60632f58",
                "sha256:65dc69160114cdd0ca0f35cb434633c75e8e7fad4cf855177a05bf38678f73ad",
                "sha256:67172f2944ebba3d4a7b54f2e95c786a3a50c21b88456329314caaa28cda70f6",
                "sha256:676b2815362456b5b3216b4fd5bd89d362100dc6f4945154ff172e206a22c024",
                "sha256:6a418691000f2a418c9135a7cf0d797c1bb7d9a485e61fe8e7722845b95ef978",
                "sha256:6abdbfd3aea42be05702a8dd98832329c167ee84400a1d1f61ab11437f1717eb",
                "sha256:6be31e3fc9a621e071bc17bb7de63b85cbe0bfae91bb0363c893cbe67247780d",
                "sha256:7107195ddc914f656c7fc8e4a5e1c25f32e9236ea3ea860f257b0436011fddd0",
                "sha256:71f511f6b3b91dd543282477be45a033e4845a40278fa8dcdbfdb07109bf18f9",
                "sha256:7859a4cc7c9295f5838015d8cc0a9c215b77e43d07a25e460f35cf516df8626f",
                "sha256:7966e38dcd0fa11ca390aed7c6f20454443581d758242023cf36fcb319b1a874",
                "sha256:79ea0d14d3ebad43ec77ad5272e6ff9bba5b679ef73375ea760261207fa8e0aa",
                "sha256:7aee118e30a4cf54fdd873bd3a29de51e29105ab11f9aad8c32123f58c8f8081",
                "sha256:7b161756381f0918e05e7cb8a371fff367e807770f8fe92ecb20d905d0e1c149",
                "sha256:7c8ec7a017ad1bd562f93dbd8505763e688d388cde6e4a010ae1486916e713e6",
                "sha256:7d1aa4de119a0ecac0a34a9c8bde33f34022e2e8f99104e47a3ca392fd60e37d",
                "sha256:7db51d222548ccfd274e4572fdbf3e810a5e66b00608862f947b163e613b67dd",
                "sha256:819931d25e57b513242859ce1876c58c59dc31587847bf74cfe06b2e0cb22d2f",
                "sha256:83e1b0161c9d148125083a35c1c5a89db5b7054834fd4387499e06552035236c",
                "sha256:857844335c95bea93fb39e0fa2726b4d9d758850b34075a7e3ff4f4fa3aa3b31",
                "sha256:8797edc41f3e8536ae4b10897ee2f637235c94f27404cac7297f7b607dd0716e",
                "sha256:8924748b688aa210d79883357d102cd64690e56b923a186f35a82cbc10f997db",
                "sha256:89bd777bc6624fe4115e9fac3352c79ed60f3bb18651420635f26e643e3dd1f6",
                "sha256:8dc70ca24c110503e16918a658b869019126ecfe03109b754c402daff12b3d9f",
                "sha256:91da1d88226663594e3f6b4b8c3c8d85bd504117d043740a8e0ec449087cc494",
                "sha256:921bd305b10e82b4d1f5e802b6850677f965d8394203d182f078873851dada69",
                "sha256:932c754c2d51ad2b2271fd01c3d121daaa35e27efae2a616f77bf164bc0b3e94",
                "sha256:93efb0b4de7e340d99057415c749175e24c8864302369e05914682ba642e5d77",
                "sha256:97afb3a00b65cc0804d1c7abddbf090a81eaac02768af58cbdcaaa0a931e0b6d",
                "sha256:97f07ed9f56a3b9b5f49d3661dc9607484e85c67e27f3e8be2c7d28ca032fec7",
                "sha256:98a9afa7b9007c67ed84c57c9e0ad86a6000da96eaa638e4f8abe5b65ff83f0a",
                "sha256:9ab6ae226de48019caa8074894544af5b53a117ccb9d3b3dcb2871464c829438",
                "sha256:9c412fddd1b77a75aa904615ebaa6001f169b26fd467b4be93aded278266b288",
                "sha256:a1bc6ba083b145187f648b667e05a2534ecc4b9f2784c2cbe3089e44868f2b9b",
                "sha256:a418486160228f64dd9e9efcd132679b7a02a5f22c982c78b6fc7dab3fefb635",
                "sha256:a4d336baed65d50d37b88ca5b60c0fa9d81e3a87d4a7930d3880d1624d5b31f3",
                "sha256:a6444696fce635783440b7f7a9fc24b3ad10a9ea3f0ab66c5905be1c19ccf17d",
                "sha256:a7bc6e6fd0395bc052f16b1a8670859964dbd7003bd0af2ff08342eb6e442cfe",
                "sha256:b4b8f3efc8d530a1544e5962bd6b403d5f7fe8b9e08227c6b255f98ad82b4ba0",
                "sha256:b5f56c3f344f2ccaf0dd875d3e180f631dc60a51b314295a3e681fe8cf851fbe",
                "sha256:be5463ac478b623b9dd3937afd7fb7ab3d79dd290a28e2b6df292dc75063eb8a",
                "sha256:c37d8ba9411d6003bba9e518db0db0c58a680ab9fe5179f040b0463644bc9805",
                "sha256:c84d689db21a1c397d001aa08241044aa2069e7587b398c8cc63020390b1c1b8",
                "sha256:c96d333dcf42d01f47b37e0979b6bd73ec91eae18614864622d9b87bbd5bbf36",
                "sha256:cadc9e0ea0a2431124cde7e1697106471fc4c1da01530e679b2391c37d3fbb3a",
                "sha256:cc3e831b563b3114baac7ec2ee86819eb03caa1a2cef0b481a5675b59c4fe23b",
                "sha256:cd8ff254faf15591e724dc7c4ddb6bf4793efcbe13802a4ae3e863cd300b493e",
                "sha256:d000f46e2917c705e9fb93a3606ee4a819d1e3aa7a9b442f6444f07e77cf5e25",
                "sha256:d9da3df5f9ea2a89b81bb6087177fb1f4d1c7146d583a3fe5c672c0d94e55e12",
                "sha256:e5c5858ad8ec655450a7c7df532e9842cf8df7cc349df7225c60d5d348c8aada",
                "sha256:e67d793d180c9df62f1f40aee3accca4829d3794c95098887edc18af4b8b780c",
                "sha256:ea944117a7974ae78059fcc1800e5d3295172bb97035c0c1d9345fca1419da71",
                "sha256:eb76541cba2f958032d79d143b98a3a6b3ea87f0959bbe256c0b5e416599fd5d",
                "sha256:ec1ee50470b0d050984394423d96325b744d55c701a439d2bd66089bff963d3c",
                "sha256:ee92f2fd10f4adc4b43d07ec5e779932b4eb3dbfbc34790ada5a6669bc095aa6",
                "sha256:f0f5d8f4a08090c6d6d578351a2b91acf519a54986c055af27e7a93feae6d3f1",
                "sha256:f1f182ebd2303acf8c380a54f615ec883322593320a9b00438eb842c1f37ae50",
                "sha256:f8a5827f84d973d8636e9dc5764af4f0cf2318d26744b3d902931701b0d46653",
                "sha256:f944255db153ebb2b19c51fe85dd99ef0ce494123f21b9db4877ffdfc5590c7c",
                "sha256:fdae223722da47b024b867c1ea0be64e0df702c5e0a60e27daad39bf960dd1e4",
                "sha256:fe27fb049cdcca11f11a7bfda64043c37b30e6b91f10cb5bab275806c32f6ab3"
            ],
            "index": "pypi",
            "markers": "python_version >= '3.9'",
            "version": "==11.3.0"
        },
        "psycopg": {
            "extras": [
                "binary"
            ],
            "hashes": [
                "sha256:01a8dadccdaac2123c916208c96e06631641c0566b22005493f09663c7a8d3b6",
                "sha256:2fbb46fcd17bc81f993f28c47f1ebea38d66ae97cc2dbc3cad73b37cefbff700"
            ],
            "markers": "python_version >= '3.8'",
            "version": "==3.2.9"
        },
        "psycopg-binary": {
            "hashes": [
                "sha256:001e986656f7e06c273dd4104e27f4b4e0614092e544d950c7c938d822b1a894",
                "sha256:08bf9d5eabba160dd4f6ad247cf12f229cc19d2458511cab2eb9647f42fa6795",
                "sha256:093a0c079dd6228a7f3c3d82b906b41964eaa062a9a8c19f45ab4984bf4e872b",
                "sha256:0e8aeefebe752f46e3c4b769e53f1d4ad71208fe1150975ef7662c22cca80fab",
                "sha256:14f64d1ac6942ff089fc7e926440f7a5ced062e2ed0949d7d2d680dc5c00e2d4",
                "sha256:166acc57af5d2ff0c0c342aed02e69a0cd5ff216cae8820c1059a6f3b7cf5f78",
                "sha256:18ac08475c9b971237fcc395b0a6ee4e8580bb5cf6247bc9b8461644bef5d9f4",
                "sha256:1b2cf018168cad87580e67bdde38ff5e51511112f1ce6ce9a8336871f465c19a",
                "sha256:1ed2bab85b505d13e66a914d0f8cdfa9475c16d3491cf81394e0748b77729af2",
                "sha256:1f1736d5b21f69feefeef8a75e8d3bf1f0a1e17c165a7488c3111af9d6936e91",
                "sha256:2290bc146a1b6a9730350f695e8b670e1d1feb8446597bed0bbe7c3c30e0abcb",
                "sha256:24ddb03c1ccfe12d000d950c9aba93a7297993c4e3905d9f2c9795bb0764d523",
                "sha256:2504e9fd94eabe545d20cddcc2ff0da86ee55d76329e1ab92ecfcc6c0a8156c4",
                "sha256:25ab464bfba8c401f5536d5aa95f0ca1dd8257b5202eede04019b4415f491351",
                "sha256:354dea21137a316b6868ee41c2ae7cce001e104760cf4eab3ec85627aed9b6cd",
                "sha256:387c87b51d72442708e7a853e7e7642717e704d59571da2f3b29e748be58c78a",
                "sha256:39a127e0cf9b55bd4734a8008adf3e01d1fd1cb36339c6a9e2b2cbb6007c50ee",
                "sha256:3db3ba3c470801e94836ad78bf11fd5fab22e71b0c77343a1ee95d693879937a",
                "sha256:413f9e46259fe26d99461af8e1a2b4795a4e27cc8ac6f7919ec19bcee8945074",
                "sha256:418f52b77b715b42e8ec43ee61ca74abc6765a20db11e8576e7f6586488a266f",
                "sha256:4bfec4a73e8447d8fe8854886ffa78df2b1c279a7592241c2eb393d4499a17e2",
                "sha256:4c1ab25e3134774f1e476d4bb9050cdec25f10802e63e92153906ae934578734",
                "sha256:4df22ec17390ec5ccb38d211fb251d138d37a43344492858cea24de8efa15003",
                "sha256:528239bbf55728ba0eacbd20632342867590273a9bacedac7538ebff890f1093",
                "sha256:52e239cd66c4158e412318fbe028cd94b0ef21b0707f56dcb4bdc250ee58fd40",
                "sha256:587a3f19954d687a14e0c8202628844db692dbf00bba0e6d006659bf1ca91cbe",
                "sha256:5918c0fab50df764812f3ca287f0d716c5c10bedde93d4da2cefc9d40d03f3aa",
                "sha256:5be8292d07a3ab828dc95b5ee6b69ca0a5b2e579a577b39671f4f5b47116dfd2",
                "sha256:5d2c9fe14fe42b3575a0b4e09b081713e83b762c8dc38a3771dd3265f8f110e7",
                "sha256:61d0a6ceed8f08c75a395bc28cb648a81cf8dee75ba4650093ad1a24a51c8724",
                "sha256:6a76b4722a529390683c0304501f238b365a46b1e5fb6b7249dbc0ad6fea51a0",
                "sha256:6afb3e62f2a3456f2180a4eef6b03177788df7ce938036ff7f09b696d418d186",
                "sha256:72691a1615ebb42da8b636c5ca9f2b71f266be9e172f66209a361c175b7842c5",
                "sha256:72fdbda5b4c2a6a72320857ef503a6589f56d46821592d4377c8c8604810342b",
                "sha256:76eddaf7fef1d0994e3d536ad48aa75034663d3a07f6f7e3e601105ae73aeff6",
                "sha256:778588ca9897b6c6bab39b0d3034efff4c5438f5e3bd52fda3914175498202f9",
                "sha256:791759138380df21d356ff991265fde7fe5997b0c924a502847a9f9141e68786",
                "sha256:799fa1179ab8a58d1557a95df28b492874c8f4135101b55133ec9c55fc9ae9d7",
                "sha256:7a838852e5afb6b4126f93eb409516a8c02a49b788f4df8b6469a40c2157fa21",
                "sha256:7b617b81f08ad8def5edd110de44fd6d326f969240cc940c6f6b3ef21fe9c59f",
                "sha256:7e4660fad2807612bb200de7262c88773c3483e85d981324b3c647176e41fdc8",
                "sha256:7fc2915949e5c1ea27a851f7a472a7da7d0a40d679f0a31e42f1022f3c562e87",
                "sha256:95315b8c8ddfa2fdcb7fe3ddea8a595c1364524f512160c604e3be368be9dd07",
                "sha256:96a551e4683f1c307cfc3d9a05fec62c00a7264f320c9962a67a543e3ce0d8ff",
                "sha256:98bbe35b5ad24a782c7bf267596638d78aa0e87abc7837bdac5b2a2ab954179e",
                "sha256:a1fa38a4687b14f517f049477178093c39c2a10fdcced21116f47c017516498f",
                "sha256:a3e0f89fe35cb03ff1646ab663dabf496477bab2a072315192dbaa6928862891",
                "sha256:a4d76e28df27ce25dc19583407f5c6c6c2ba33b443329331ab29b6ef94c8736d",
                "sha256:ac2c04b6345e215e65ca6aef5c05cc689a960b16674eaa1f90a8f86dfaee8c04",
                "sha256:ad280bbd409bf598683dda82232f5215cfc5f2b1bf0854e409b4d0c44a113b1d",
                "sha256:b2d7a6646d41228e9049978be1f3f838b557a1bde500b919906d54c4390f5086",
                "sha256:b7e4e4dd177a8665c9ce86bc9caae2ab3aa9360b7ce7ec01827ea1baea9ff748",
                "sha256:bb37ac3955d19e4996c3534abfa4f23181333974963826db9e0f00731274b695",
                "sha256:bc75f63653ce4ec764c8f8c8b0ad9423e23021e1c34a84eb5f4ecac8538a4a4a",
                "sha256:be7d650a434921a6b1ebe3fff324dbc2364393eb29d7672e638ce3e21076974e",
                "sha256:cc19ed5c7afca3f6b298bfc35a6baa27adb2019670d15c32d0bb8f780f7d560d",
                "sha256:cf789be42aea5752ee396d58de0538d5fcb76795c85fb03ab23620293fb81b6f",
                "sha256:d9ac10a2ebe93a102a326415b330fff7512f01a9401406896e78a81d75d6eddc",
                "sha256:e0f05b9dafa5670a7503abc715af081dbbb176a8e6770de77bccaeb9024206c5",
                "sha256:e4978c01ca4c208c9d6376bd585e2c0771986b76ff7ea518f6d2b51faece75e8",
                "sha256:eac3a6e926421e976c1c2653624e1294f162dc67ac55f9addbe8f7b8d08ce603",
                "sha256:f0d5b3af045a187aedbd7ed5fc513bd933a97aaff78e61c3745b330792c4345b",
                "sha256:f34e88940833d46108f949fdc1fcfb74d6b5ae076550cd67ab59ef47555dba95",
                "sha256:fa5c80d8b4cbf23f338db88a7251cef8bb4b68e0f91cf8b6ddfa93884fdbb0c1",
                "sha256:fb7599e436b586e265bea956751453ad32eb98be6a6e694252f4691c31b16edb"
            ],
            "markers": "python_version >= '3.8'",
            "version": "==3.2.9"
        },
        "pycodestyle": {
            "hashes": [
                "sha256:c4b5b517d278089ff9d0abdec919cd97262a3367449ea1c8b49b91529167b783",
                "sha256:dd6bf7cb4ee77f8e016f9c8e74a35ddd9f67e1d5fd4184d86c3b98e07099f42d"
            ],
            "markers": "python_version >= '3.9'",
            "version": "==2.14.0"
        },
        "python-dotenv": {
            "hashes": [
                "sha256:31f23644fe2602f88ff55e1f5c79ba497e01224ee7737937930c448e4d0e24dc",
                "sha256:a8a6399716257f45be6a007360200409fce5cda2661e3dec71d23dc15f6189ab"
            ],
            "index": "pypi",
            "markers": "python_version >= '3.9'",
            "version": "==1.1.1"
        },
        "pytils": {
            "hashes": [
                "sha256:9992a96caad57daa211584df1da4fd825f11e836d3ed93011785f1d02ab6f0ca",
                "sha256:e54c16465a5fdb65d414e2da8045e6cc6de79889acda6143dcef2e1e86a1a840"
            ],
            "index": "pypi",
            "version": "==0.4.4"
        },
        "sqlparse": {
            "hashes": [
                "sha256:09f67787f56a0b16ecdbde1bfc7f5d9c3371ca683cfeaa8e6ff60b4807ec9272",
                "sha256:cf2196ed3418f3ba5de6af7e82c694a9fbdbfecccdfc72e281548517081f16ca"
            ],
            "markers": "python_version >= '3.8'",
            "version": "==0.5.3"
        }
    },
    "develop": {}
}
